Microsoft Visual Studio Solution File, Format Version 12.00
# Visual Studio Version 17
VisualStudioVersion = 17.14.36025.13 d17.14
MinimumVisualStudioVersion = 10.0.40219.1
Project("{FAE04EC0-301F-11D3-BF4B-00C04F79EFBC}") = "AspireTesting.AppHost", "AspireTesting.AppHost\AspireTesting.AppHost.csproj", "{2EEFF407-EB6C-42DE-BD7C-6830D904A45A}"
EndProject
Project("{FAE04EC0-301F-11D3-BF4B-00C04F79EFBC}") = "AspireTesting.ServiceDefaults", "AspireTesting.ServiceDefaults\AspireTesting.ServiceDefaults.csproj", "{7BAD4343-8DD2-568E-9F57-380521A0D41E}"
EndProject
Project("{FAE04EC0-301F-11D3-BF4B-00C04F79EFBC}") = "AspireTesting.ApiService", "AspireTesting.ApiService\AspireTesting.ApiService.csproj", "{C78A4BEE-BF8E-DF5D-41B6-0DBA088BD6CA}"
EndProject
Project("{FAE04EC0-301F-11D3-BF4B-00C04F79EFBC}") = "AspireTesting.Tests", "AspireTesting.Tests\AspireTesting.Tests.csproj", "{4FC72FDE-0CA2-FECF-A599-713FE36E5057}"
EndProject
Global
	GlobalSection(SolutionConfigurationPlatforms) = preSolution
		Debug|Any CPU = Debug|Any CPU
		Release|Any CPU = Release|Any CPU
	EndGlobalSection
	GlobalSection(ProjectConfigurationPlatforms) = postSolution
		{2EEFF407-EB6C-42DE-BD7C-6830D904A45A}.Debug|Any CPU.ActiveCfg = Debug|Any CPU
		{2EEFF407-EB6C-42DE-BD7C-6830D904A45A}.Debug|Any CPU.Build.0 = Debug|Any CPU
		{2EEFF407-EB6C-42DE-BD7C-6830D904A45A}.Release|Any CPU.ActiveCfg = Release|Any CPU
		{2EEFF407-EB6C-42DE-BD7C-6830D904A45A}.Release|Any CPU.Build.0 = Release|Any CPU
		{7BAD4343-8DD2-568E-9F57-380521A0D41E}.Debug|Any CPU.ActiveCfg = Debug|Any CPU
		{7BAD4343-8DD2-568E-9F57-380521A0D41E}.Debug|Any CPU.Build.0 = Debug|Any CPU
		{7BAD4343-8DD2-568E-9F57-380521A0D41E}.Release|Any CPU.ActiveCfg = Release|Any CPU
		{7BAD4343-8DD2-568E-9F57-380521A0D41E}.Release|Any CPU.Build.0 = Release|Any CPU
		{C78A4BEE-BF8E-DF5D-41B6-0DBA088BD6CA}.Debug|Any CPU.ActiveCfg = Debug|Any CPU
		{C78A4BEE-BF8E-DF5D-41B6-0DBA088BD6CA}.Debug|Any CPU.Build.0 = Debug|Any CPU
		{C78A4BEE-BF8E-DF5D-41B6-0DBA088BD6CA}.Release|Any CPU.ActiveCfg = Release|Any CPU
		{C78A4BEE-BF8E-DF5D-41B6-0DBA088BD6CA}.Release|Any CPU.Build.0 = Release|Any CPU
		{4FC72FDE-0CA2-FECF-A599-713FE36E5057}.Debug|Any CPU.ActiveCfg = Debug|Any CPU
		{4FC72FDE-0CA2-FECF-A599-713FE36E5057}.Debug|Any CPU.Build.0 = Debug|Any CPU
		{4FC72FDE-0CA2-FECF-A599-713FE36E5057}.Release|Any CPU.ActiveCfg = Release|Any CPU
		{4FC72FDE-0CA2-FECF-A599-713FE36E5057}.Release|Any CPU.Build.0 = Release|Any CPU
	EndGlobalSection
	GlobalSection(SolutionProperties) = preSolution
		HideSolutionNode = FALSE
	EndGlobalSection
	GlobalSection(ExtensibilityGlobals) = postSolution
		SolutionGuid = {B33F274C-2FD5-47A8-95EB-A1117BC21F59}
	EndGlobalSection
EndGlobal
